
Microsoft Visual Studio Solution File, Format Version 12.00
# Visual Studio Version 17
VisualStudioVersion = 17.7.34031.279
MinimumVisualStudioVersion = 10.0.40219.1
Project("{FAE04EC0-301F-11D3-BF4B-00C04F79EFBC}") = "DoAnCuoiKyLTHDT", "DoAnCuoiKyLTHDT.csproj", "{D5874631-2515-46C5-81EE-47E1E588CDAD}"
EndProject
Global
	GlobalSection(SolutionConfigurationPlatforms) = preSolution
		Debug|Any CPU = Debug|Any CPU
		Release|Any CPU = Release|Any CPU
	EndGlobalSection
	GlobalSection(ProjectConfigurationPlatforms) = postSolution
		{D5874631-2515-46C5-81EE-47E1E588CDAD}.Debug|Any CPU.ActiveCfg = Debug|Any CPU
		{D5874631-2515-46C5-81EE-47E1E588CDAD}.Debug|Any CPU.Build.0 = Debug|Any CPU
		{D5874631-2515-46C5-81EE-47E1E588CDAD}.Release|Any CPU.ActiveCfg = Release|Any CPU
		{D5874631-2515-46C5-81EE-47E1E588CDAD}.Release|Any CPU.Build.0 = Release|Any CPU
	EndGlobalSection
	GlobalSection(SolutionProperties) = preSolution
		HideSolutionNode = FALSE
	EndGlobalSection
	GlobalSection(ExtensibilityGlobals) = postSolution
		SolutionGuid = {1FEC76F4-127B-4AA1-8AD3-1BC4ECF368D2}
	EndGlobalSection
EndGlobal
